
Microsoft Visual Studio Solution File, Format Version 12.00
# Visual Studio Version 16
VisualStudioVersion = 16.0.31624.102
MinimumVisualStudioVersion = 10.0.40219.1
Project("{9A19103F-16F7-4668-BE54-9A1E7A4F7556}") = "reverse-proxy-demo", "reverse-proxy-demo\reverse-proxy-demo.csproj", "{35D6A3CC-948F-4175-ABB1-9FB4EB719080}"
EndProject
Global
	GlobalSection(SolutionConfigurationPlatforms) = preSolution
		Debug|Any CPU = Debug|Any CPU
		Release|Any CPU = Release|Any CPU
	EndGlobalSection
	GlobalSection(ProjectConfigurationPlatforms) = postSolution
		{35D6A3CC-948F-4175-ABB1-9FB4EB719080}.Debug|Any CPU.ActiveCfg = Debug|Any CPU
		{35D6A3CC-948F-4175-ABB1-9FB4EB719080}.Debug|Any CPU.Build.0 = Debug|Any CPU
		{35D6A3CC-948F-4175-ABB1-9FB4EB719080}.Release|Any CPU.ActiveCfg = Release|Any CPU
		{35D6A3CC-948F-4175-ABB1-9FB4EB719080}.Release|Any CPU.Build.0 = Release|Any CPU
	EndGlobalSection
	GlobalSection(SolutionProperties) = preSolution
		HideSolutionNode = FALSE
	EndGlobalSection
	GlobalSection(ExtensibilityGlobals) = postSolution
		SolutionGuid = {E200E6C4-DED5-47ED-AAE8-63205C7448D4}
	EndGlobalSection
EndGlobal
